
Microsoft Visual Studio Solution File, Format Version 12.00
# Visual Studio Version 17
VisualStudioVersion = 17.4.33122.133
MinimumVisualStudioVersion = 10.0.40219.1
Project("{FAE04EC0-301F-11D3-BF4B-00C04F79EFBC}") = "Eric Kalorienrechner ferig", "Eric Kalorienrechner ferig\Eric Kalorienrechner ferig.csproj", "{180CAFE6-3470-44EA-B2CD-2995D72FB259}"
EndProject
Global
	GlobalSection(SolutionConfigurationPlatforms) = preSolution
		Debug|Any CPU = Debug|Any CPU
		Release|Any CPU = Release|Any CPU
	EndGlobalSection
	GlobalSection(ProjectConfigurationPlatforms) = postSolution
		{180CAFE6-3470-44EA-B2CD-2995D72FB259}.Debug|Any CPU.ActiveCfg = Debug|Any CPU
		{180CAFE6-3470-44EA-B2CD-2995D72FB259}.Debug|Any CPU.Build.0 = Debug|Any CPU
		{180CAFE6-3470-44EA-B2CD-2995D72FB259}.Release|Any CPU.ActiveCfg = Release|Any CPU
		{180CAFE6-3470-44EA-B2CD-2995D72FB259}.Release|Any CPU.Build.0 = Release|Any CPU
	EndGlobalSection
	GlobalSection(SolutionProperties) = preSolution
		HideSolutionNode = FALSE
	EndGlobalSection
	GlobalSection(ExtensibilityGlobals) = postSolution
		SolutionGuid = {DD16715E-E7F6-4A0B-98F1-1388DD996493}
	EndGlobalSection
EndGlobal
